// !$*UTF8*$!
{
	archiveVersion = 1;
	classes = {
	};
	objectVersion = 56;
	objects = {

/* Begin PBXBuildFile section */
		12795D9229B6762900B860C2 /* AppDelegate.swift in Sources */ = {isa = PBXBuildFile; fileRef = 12795D9129B6762900B860C2 /* AppDelegate.swift */; };
		12795D9429B6762900B860C2 /* SceneDelegate.swift in Sources */ = {isa = PBXBuildFile; fileRef = 12795D9329B6762900B860C2 /* SceneDelegate.swift */; };
		12795D9629B6762900B860C2 /* ViewController.swift in Sources */ = {isa = PBXBuildFile; fileRef = 12795D9529B6762900B860C2 /* ViewController.swift */; };
		12795D9929B6762900B860C2 /* Main.storyboard in Resources */ = {isa = PBXBuildFile; fileRef = 12795D9729B6762900B860C2 /* Main.storyboard */; };
		12795D9B29B6762A00B860C2 /* Assets.xcassets in Resources */ = {isa = PBXBuildFile; fileRef = 12795D9A29B6762A00B860C2 /* Assets.xcassets */; };
		12795D9E29B6762A00B860C2 /* LaunchScreen.storyboard in Resources */ = {isa = PBXBuildFile; fileRef = 12795D9C29B6762A00B860C2 /* LaunchScreen.storyboard */; };
		12795DA929B6762A00B860C2 /* HWF_4_ProjectTests.swift in Sources */ = {isa = PBXBuildFile; fileRef = 12795DA829B6762A00B860C2 /* HWF_4_ProjectTests.swift */; };
		12795DB329B6762A00B860C2 /* HWF_4_ProjectUITests.swift in Sources */ = {isa = PBXBuildFile; fileRef = 12795DB229B6762A00B860C2 /* HWF_4_ProjectUITests.swift */; };
		12795DB529B6762A00B860C2 /* HWF_4_ProjectUITestsLaunchTests.swift in Sources */ = {isa = PBXBuildFile; fileRef = 12795DB429B6762A00B860C2 /* HWF_4_ProjectUITestsLaunchTests.swift */; };
/* End PBXBuildFile section */

/* Begin PBXContainerItemProxy section */
		12795DA529B6762A00B860C2 /* PBXContainerItemProxy */ = {
			isa = PBXContainerItemProxy;
			containerPortal = 12795D8629B6762900B860C2 /* Project object */;
			proxyType = 1;
			remoteGlobalIDString = 12795D8D29B6762900B860C2;
			remoteInfo = "HWF 4.Project";
		};
		12795DAF29B6762A00B860C2 /* PBXContainerItemProxy */ = {
			isa = PBXContainerItemProxy;
			containerPortal = 12795D8629B6762900B860C2 /* Project object */;
			proxyType = 1;
			remoteGlobalIDString = 12795D8D29B6762900B860C2;
			remoteInfo = "HWF 4.Project";
		};
/* End PBXContainerItemProxy section */

/* Begin PBXFileReference section */
		12795D8E29B6762900B860C2 /* HWF 4.Project.app */ = {isa = PBXFileReference; explicitFileType = wrapper.application; includeInIndex = 0; path = "HWF 4.Project.app"; sourceTree = BUILT_PRODUCTS_DIR; };
		12795D9129B6762900B860C2 /* AppDelegate.swift */ = {isa = PBXFileReference; lastKnownFileType = sourcecode.swift; path = AppDelegate.swift; sourceTree = "<group>"; };
		12795D9329B6762900B860C2 /* SceneDelegate.swift */ = {isa = PBXFileReference; lastKnownFileType = sourcecode.swift; path = SceneDelegate.swift; sourceTree = "<group>"; };
		12795D9529B6762900B860C2 /* ViewController.swift */ = {isa = PBXFileReference; lastKnownFileType = sourcecode.swift; path = ViewController.swift; sourceTree = "<group>"; };
		12795D9829B6762900B860C2 /* Base */ = {isa = PBXFileReference; lastKnownFileType = file.storyboard; name = Base; path = Base.lproj/Main.storyboard; sourceTree = "<group>"; };
		12795D9A29B6762A00B860C2 /* Assets.xcassets */ = {isa = PBXFileReference; lastKnownFileType = folder.assetcatalog; path = Assets.xcassets; sourceTree = "<group>"; };
		12795D9D29B6762A00B860C2 /* Base */ = {isa = PBXFileReference; lastKnownFileType = file.storyboard; name = Base; path = Base.lproj/LaunchScreen.storyboard; sourceTree = "<group>"; };
		12795D9F29B6762A00B860C2 /* Info.plist */ = {isa = PBXFileReference; lastKnownFileType = text.plist.xml; path = Info.plist; sourceTree = "<group>"; };
		12795DA429B6762A00B860C2 /* HWF 4.ProjectTests.xctest */ = {isa = PBXFileReference; explicitFileType = wrapper.cfbundle; includeInIndex = 0; path = "HWF 4.ProjectTests.xctest"; sourceTree = BUILT_PRODUCTS_DIR; };
		12795DA829B6762A00B860C2 /* HWF_4_ProjectTests.swift */ = {isa = PBXFileReference; lastKnownFileType = sourcecode.swift; path = HWF_4_ProjectTests.swift; sourceTree = "<group>"; };
		12795DAE29B6762A00B860C2 /* HWF 4.ProjectUITests.xctest */ = {isa = PBXFileReference; explicitFileType = wrapper.cfbundle; includeInIndex = 0; path = "HWF 4.ProjectUITests.xctest"; sourceTree = BUILT_PRODUCTS_DIR; };
		12795DB229B6762A00B860C2 /* HWF_4_ProjectUITests.swift */ = {isa = PBXFileReference; lastKnownFileType = sourcecode.swift; path = HWF_4_ProjectUITests.swift; sourceTree = "<group>"; };
		12795DB429B6762A00B860C2 /* HWF_4_ProjectUITestsLaunchTests.swift */ = {isa = PBXFileReference; lastKnownFileType = sourcecode.swift; path = HWF_4_ProjectUITestsLaunchTests.swift; sourceTree = "<group>"; };
/* End PBXFileReference section */

/* Begin PBXFrameworksBuildPhase section */
		12795D8B29B6762900B860C2 /* Frameworks */ = {
			isa = PBXFrameworksBuildPhase;
			buildActionMask = 2147483647;
			files = (
			);
			runOnlyForDeploymentPostprocessing = 0;
		};
		12795DA129B6762A00B860C2 /* Frameworks */ = {
			isa = PBXFrameworksBuildPhase;
			buildActionMask = 2147483647;
			files = (
			);
			runOnlyForDeploymentPostprocessing = 0;
		};
		12795DAB29B6762A00B860C2 /* Frameworks */ = {
			isa = PBXFrameworksBuildPhase;
			buildActionMask = 2147483647;
			files = (
			);
			runOnlyForDeploymentPostprocessing = 0;
		};
/* End PBXFrameworksBuildPhase section */

/* Begin PBXGroup section */
		12795D8529B6762900B860C2 = {
			isa = PBXGroup;
			children = (
				12795D9029B6762900B860C2 /* HWF 4.Project */,
				12795DA729B6762A00B860C2 /* HWF 4.ProjectTests */,
				12795DB129B6762A00B860C2 /* HWF 4.ProjectUITests */,
				12795D8F29B6762900B860C2 /* Products */,
			);
			sourceTree = "<group>";
		};
		12795D8F29B6762900B860C2 /* Products */ = {
			isa = PBXGroup;
			children = (
				12795D8E29B6762900B860C2 /* HWF 4.Project.app */,
				12795DA429B6762A00B860C2 /* HWF 4.ProjectTests.xctest */,
				12795DAE29B6762A00B860C2 /* HWF 4.ProjectUITests.xctest */,
			);
			name = Products;
			sourceTree = "<group>";
		};
		12795D9029B6762900B860C2 /* HWF 4.Project */ = {
			isa = PBXGroup;
			children = (
				12795D9129B6762900B860C2 /* AppDelegate.swift */,
				12795D9329B6762900B860C2 /* SceneDelegate.swift */,
				12795D9529B6762900B860C2 /* ViewController.swift */,
				12795D9729B6762900B860C2 /* Main.storyboard */,
				12795D9A29B6762A00B860C2 /* Assets.xcassets */,
				12795D9C29B6762A00B860C2 /* LaunchScreen.storyboard */,
				12795D9F29B6762A00B860C2 /* Info.plist */,
			);
			path = "HWF 4.Project";
			sourceTree = "<group>";
		};
		12795DA729B6762A00B860C2 /* HWF 4.ProjectTests */ = {
			isa = PBXGroup;
			children = (
				12795DA829B6762A00B860C2 /* HWF_4_ProjectTests.swift */,
			);
			path = "HWF 4.ProjectTests";
			sourceTree = "<group>";
		};
		12795DB129B6762A00B860C2 /* HWF 4.ProjectUITests */ = {
			isa = PBXGroup;
			children = (
				12795DB229B6762A00B860C2 /* HWF_4_ProjectUITests.swift */,
				12795DB429B6762A00B860C2 /* HWF_4_ProjectUITestsLaunchTests.swift */,
			);
			path = "HWF 4.ProjectUITests";
			sourceTree = "<group>";
		};
/* End PBXGroup section */

/* Begin PBXNativeTarget section */
		12795D8D29B6762900B860C2 /* HWF 4.Project */ = {
			isa = PBXNativeTarget;
			buildConfigurationList = 12795DB829B6762A00B860C2 /* Build configuration list for PBXNativeTarget "HWF 4.Project" */;
			buildPhases = (
				12795D8A29B6762900B860C2 /* Sources */,
				12795D8B29B6762900B860C2 /* Frameworks */,
				12795D8C29B6762900B860C2 /* Resources */,
			);
			buildRules = (
			);
			dependencies = (
			);
			name = "HWF 4.Project";
			productName = "HWF 4.Project";
			productReference = 12795D8E29B6762900B860C2 /* HWF 4.Project.app */;
			productType = "com.apple.product-type.application";
		};
		12795DA329B6762A00B860C2 /* HWF 4.ProjectTests */ = {
			isa = PBXNativeTarget;
			buildConfigurationList = 12795DBB29B6762A00B860C2 /* Build configuration list for PBXNativeTarget "HWF 4.ProjectTests" */;
			buildPhases = (
				12795DA029B6762A00B860C2 /* Sources */,
				12795DA129B6762A00B860C2 /* Frameworks */,
				12795DA229B6762A00B860C2 /* Resources */,
			);
			buildRules = (
			);
			dependencies = (
				12795DA629B6762A00B860C2 /* PBXTargetDependency */,
			);
			name = "HWF 4.ProjectTests";
			productName = "HWF 4.ProjectTests";
			productReference = 12795DA429B6762A00B860C2 /* HWF 4.ProjectTests.xctest */;
			productType = "com.apple.product-type.bundle.unit-test";
		};
		12795DAD29B6762A00B860C2 /* HWF 4.ProjectUITests */ = {
			isa = PBXNativeTarget;
			buildConfigurationList = 12795DBE29B6762A00B860C2 /* Build configuration list for PBXNativeTarget "HWF 4.ProjectUITests" */;
			buildPhases = (
				12795DAA29B6762A00B860C2 /* Sources */,
				12795DAB29B6762A00B860C2 /* Frameworks */,
				12795DAC29B6762A00B860C2 /* Resources */,
			);
			buildRules = (
			);
			dependencies = (
				12795DB029B6762A00B860C2 /* PBXTargetDependency */,
			);
			name = "HWF 4.ProjectUITests";
			productName = "HWF 4.ProjectUITests";
			productReference = 12795DAE29B6762A00B860C2 /* HWF 4.ProjectUITests.xctest */;
			productType = "com.apple.product-type.bundle.ui-testing";
		};
/* End PBXNativeTarget section */

/* Begin PBXProject section */
		12795D8629B6762900B860C2 /* Project object */ = {
			isa = PBXProject;
			attributes = {
				BuildIndependentTargetsInParallel = 1;
				LastSwiftUpdateCheck = 1410;
				LastUpgradeCheck = 1410;
				TargetAttributes = {
					12795D8D29B6762900B860C2 = {
						CreatedOnToolsVersion = 14.1;
					};
					12795DA329B6762A00B860C2 = {
						CreatedOnToolsVersion = 14.1;
						TestTargetID = 12795D8D29B6762900B860C2;
					};
					12795DAD29B6762A00B860C2 = {
						CreatedOnToolsVersion = 14.1;
						TestTargetID = 12795D8D29B6762900B860C2;
					};
				};
			};
			buildConfigurationList = 12795D8929B6762900B860C2 /* Build configuration list for PBXProject "HWF 4.Project" */;
			compatibilityVersion = "Xcode 14.0";
			developmentRegion = en;
			hasScannedForEncodings = 0;
			knownRegions = (
				en,
				Base,
			);
			mainGroup = 12795D8529B6762900B860C2;
			productRefGroup = 12795D8F29B6762900B860C2 /* Products */;
			projectDirPath = "";
			projectRoot = "";
			targets = (
				12795D8D29B6762900B860C2 /* HWF 4.Project */,
				12795DA329B6762A00B860C2 /* HWF 4.ProjectTests */,
				12795DAD29B6762A00B860C2 /* HWF 4.ProjectUITests */,
			);
		};
/* End PBXProject section */

/* Begin PBXResourcesBuildPhase section */
		12795D8C29B6762900B860C2 /* Resources */ = {
			isa = PBXResourcesBuildPhase;
			buildActionMask = 2147483647;
			files = (
				12795D9E29B6762A00B860C2 /* LaunchScreen.storyboard in Resources */,
				12795D9B29B6762A00B860C2 /* Assets.xcassets in Resources */,
				12795D9929B6762900B860C2 /* Main.storyboard in Resources */,
			);
			runOnlyForDeploymentPostprocessing = 0;
		};
		12795DA229B6762A00B860C2 /* Resources */ = {
			isa = PBXResourcesBuildPhase;
			buildActionMask = 2147483647;
			files = (
			);
			runOnlyForDeploymentPostprocessing = 0;
		};
		12795DAC29B6762A00B860C2 /* Resources */ = {
			isa = PBXResourcesBuildPhase;
			buildActionMask = 2147483647;
			files = (
			);
			runOnlyForDeploymentPostprocessing = 0;
		};
/* End PBXResourcesBuildPhase section */

/* Begin PBXSourcesBuildPhase section */
		12795D8A29B6762900B860C2 /* Sources */ = {
			isa = PBXSourcesBuildPhase;
			buildActionMask = 2147483647;
			files = (
				12795D9629B6762900B860C2 /* ViewController.swift in Sources */,
				12795D9229B6762900B860C2 /* AppDelegate.swift in Sources */,
				12795D9429B6762900B860C2 /* SceneDelegate.swift in Sources */,
			);
			runOnlyForDeploymentPostprocessing = 0;
		};
		12795DA029B6762A00B860C2 /* Sources */ = {
			isa = PBXSourcesBuildPhase;
			buildActionMask = 2147483647;
			files = (
				12795DA929B6762A00B860C2 /* HWF_4_ProjectTests.swift in Sources */,
			);
			runOnlyForDeploymentPostprocessing = 0;
		};
		12795DAA29B6762A00B860C2 /* Sources */ = {
			isa = PBXSourcesBuildPhase;
			buildActionMask = 2147483647;
			files = (
				12795DB329B6762A00B860C2 /* HWF_4_ProjectUITests.swift in Sources */,
				12795DB529B6762A00B860C2 /* HWF_4_ProjectUITestsLaunchTests.swift in Sources */,
			);
			runOnlyForDeploymentPostprocessing = 0;
		};
/* End PBXSourcesBuildPhase section */

/* Begin PBXTargetDependency section */
		12795DA629B6762A00B860C2 /* PBXTargetDependency */ = {
			isa = PBXTargetDependency;
			target = 12795D8D29B6762900B860C2 /* HWF 4.Project */;
			targetProxy = 12795DA529B6762A00B860C2 /* PBXContainerItemProxy */;
		};
		12795DB029B6762A00B860C2 /* PBXTargetDependency */ = {
			isa = PBXTargetDependency;
			target = 12795D8D29B6762900B860C2 /* HWF 4.Project */;
			targetProxy = 12795DAF29B6762A00B860C2 /* PBXContainerItemProxy */;
		};
/* End PBXTargetDependency section */

/* Begin PBXVariantGroup section */
		12795D9729B6762900B860C2 /* Main.storyboard */ = {
			isa = PBXVariantGroup;
			children = (
				12795D9829B6762900B860C2 /* Base */,
			);
			name = Main.storyboard;
			sourceTree = "<group>";
		};
		12795D9C29B6762A00B860C2 /* LaunchScreen.storyboard */ = {
			isa = PBXVariantGroup;
			children = (
				12795D9D29B6762A00B860C2 /* Base */,
			);
			name = LaunchScreen.storyboard;
			sourceTree = "<group>";
		};
/* End PBXVariantGroup section */

/* Begin XCBuildConfiguration section */
		12795DB629B6762A00B860C2 /* Debug */ = {
			isa = XCBuildConfiguration;
			buildSettings = {
				ALWAYS_SEARCH_USER_PATHS = NO;
				CLANG_ANALYZER_NONNULL = YES;
				CLANG_ANALYZER_NUMBER_OBJECT_CONVERSION = YES_AGGRESSIVE;
				CLANG_CXX_LANGUAGE_STANDARD = "gnu++20";
				CLANG_ENABLE_MODULES = YES;
				CLANG_ENABLE_OBJC_ARC = YES;
				CLANG_ENABLE_OBJC_WEAK = YES;
				CLANG_WARN_BLOCK_CAPTURE_AUTORELEASING = YES;
				CLANG_WARN_BOOL_CONVERSION = YES;
				CLANG_WARN_COMMA = YES;
				CLANG_WARN_CONSTANT_CONVERSION = YES;
				CLANG_WARN_DEPRECATED_OBJC_IMPLEMENTATIONS = YES;
				CLANG_WARN_DIRECT_OBJC_ISA_USAGE = YES_ERROR;
				CLANG_WARN_DOCUMENTATION_COMMENTS = YES;
				CLANG_WARN_EMPTY_BODY = YES;
				CLANG_WARN_ENUM_CONVERSION = YES;
				CLANG_WARN_INFINITE_RECURSION = YES;
				CLANG_WARN_INT_CONVERSION = YES;
				CLANG_WARN_NON_LITERAL_NULL_CONVERSION = YES;
				CLANG_WARN_OBJC_IMPLICIT_RETAIN_SELF = YES;
				CLANG_WARN_OBJC_LITERAL_CONVERSION = YES;
				CLANG_WARN_OBJC_ROOT_CLASS = YES_ERROR;
				CLANG_WARN_QUOTED_INCLUDE_IN_FRAMEWORK_HEADER = YES;
				CLANG_WARN_RANGE_LOOP_ANALYSIS = YES;
				CLANG_WARN_STRICT_PROTOTYPES = YES;
				CLANG_WARN_SUSPICIOUS_MOVE = YES;
				CLANG_WARN_UNGUARDED_AVAILABILITY = YES_AGGRESSIVE;
				CLANG_WARN_UNREACHABLE_CODE = YES;
				CLANG_WARN__DUPLICATE_METHOD_MATCH = YES;
				COPY_PHASE_STRIP = NO;
				DEBUG_INFORMATION_FORMAT = dwarf;
				ENABLE_STRICT_OBJC_MSGSEND = YES;
				ENABLE_TESTABILITY = YES;
				GCC_C_LANGUAGE_STANDARD = gnu11;
				GCC_DYNAMIC_NO_PIC = NO;
				GCC_NO_COMMON_BLOCKS = YES;
				GCC_OPTIMIZATION_LEVEL = 0;
				GCC_PREPROCESSOR_DEFINITIONS = (
					"DEBUG=1",
					"$(inherited)",
				);
				GCC_WARN_64_TO_32_BIT_CONVERSION = YES;
				GCC_WARN_ABOUT_RETURN_TYPE = YES_ERROR;
				GCC_WARN_UNDECLARED_SELECTOR = YES;
				GCC_WARN_UNINITIALIZED_AUTOS = YES_AGGRESSIVE;
				GCC_WARN_UNUSED_FUNCTION = YES;
				GCC_WARN_UNUSED_VARIABLE = YES;
				IPHONEOS_DEPLOYMENT_TARGET = 16.1;
				MTL_ENABLE_DEBUG_INFO = INCLUDE_SOURCE;
				MTL_FAST_MATH = YES;
				ONLY_ACTIVE_ARCH = YES;
				SDKROOT = iphoneos;
				SWIFT_ACTIVE_COMPILATION_CONDITIONS = DEBUG;
				SWIFT_OPTIMIZATION_LEVEL = "-Onone";
			};
			name = Debug;
		};
		12795DB729B6762A00B860C2 /* Release */ = {
			isa = XCBuildConfiguration;
			buildSettings = {
				ALWAYS_SEARCH_USER_PATHS = NO;
				CLANG_ANALYZER_NONNULL = YES;
				CLANG_ANALYZER_NUMBER_OBJECT_CONVERSION = YES_AGGRESSIVE;
				CLANG_CXX_LANGUAGE_STANDARD = "gnu++20";
				CLANG_ENABLE_MODULES = YES;
				CLANG_ENABLE_OBJC_ARC = YES;
				CLANG_ENABLE_OBJC_WEAK = YES;
				CLANG_WARN_BLOCK_CAPTURE_AUTORELEASING = YES;
				CLANG_WARN_BOOL_CONVERSION = YES;
				CLANG_WARN_COMMA = YES;
				CLANG_WARN_CONSTANT_CONVERSION = YES;
				CLANG_WARN_DEPRECATED_OBJC_IMPLEMENTATIONS = YES;
				CLANG_WARN_DIRECT_OBJC_ISA_USAGE = YES_ERROR;
				CLANG_WARN_DOCUMENTATION_COMMENTS = YES;
				CLANG_WARN_EMPTY_BODY = YES;
				CLANG_WARN_ENUM_CONVERSION = YES;
				CLANG_WARN_INFINITE_RECURSION = YES;
				CLANG_WARN_INT_CONVERSION = YES;
				CLANG_WARN_NON_LITERAL_NULL_CONVERSION = YES;
				CLANG_WARN_OBJC_IMPLICIT_RETAIN_SELF = YES;
				CLANG_WARN_OBJC_LITERAL_CONVERSION = YES;
				CLANG_WARN_OBJC_ROOT_CLASS = YES_ERROR;
				CLANG_WARN_QUOTED_INCLUDE_IN_FRAMEWORK_HEADER = YES;
				CLANG_WARN_RANGE_LOOP_ANALYSIS = YES;
				CLANG_WARN_STRICT_PROTOTYPES = YES;
				CLANG_WARN_SUSPICIOUS_MOVE = YES;
				CLANG_WARN_UNGUARDED_AVAILABILITY = YES_AGGRESSIVE;
				CLANG_WARN_UNREACHABLE_CODE = YES;
				CLANG_WARN__DUPLICATE_METHOD_MATCH = YES;
				COPY_PHASE_STRIP = NO;
				DEBUG_INFORMATION_FORMAT = "dwarf-with-dsym";
				ENABLE_NS_ASSERTIONS = NO;
				ENABLE_STRICT_OBJC_MSGSEND = YES;
				GCC_C_LANGUAGE_STANDARD = gnu11;
				GCC_NO_COMMON_BLOCKS = YES;
				GCC_WARN_64_TO_32_BIT_CONVERSION = YES;
				GCC_WARN_ABOUT_RETURN_TYPE = YES_ERROR;
				GCC_WARN_UNDECLARED_SELECTOR = YES;
				GCC_WARN_UNINITIALIZED_AUTOS = YES_AGGRESSIVE;
				GCC_WARN_UNUSED_FUNCTION = YES;
				GCC_WARN_UNUSED_VARIABLE = YES;
				IPHONEOS_DEPLOYMENT_TARGET = 16.1;
				MTL_ENABLE_DEBUG_INFO = NO;
				MTL_FAST_MATH = YES;
				SDKROOT = iphoneos;
				SWIFT_COMPILATION_MODE = wholemodule;
				SWIFT_OPTIMIZATION_LEVEL = "-O";
				VALIDATE_PRODUCT = YES;
			};
			name = Release;
		};
		12795DB929B6762A00B860C2 /* Debug */ = {
			isa = XCBuildConfiguration;
			buildSettings = {
				ASSETCATALOG_COMPILER_APPICON_NAME = AppIcon;
				ASSETCATALOG_COMPILER_GLOBAL_ACCENT_COLOR_NAME = AccentColor;
				CODE_SIGN_STYLE = Automatic;
				CURRENT_PROJECT_VERSION = 1;
				DEVELOPMENT_TEAM = FB39689V8T;
				GENERATE_INFOPLIST_FILE = YES;
				INFOPLIST_FILE = "HWF 4.Project/Info.plist";
				INFOPLIST_KEY_UIApplicationSupportsIndirectInputEvents = YES;
				INFOPLIST_KEY_UILaunchStoryboardName = LaunchScreen;
				INFOPLIST_KEY_UIMainStoryboardFile = Main;
				INFOPLIST_KEY_UISupportedInterfaceOrientations_iPad = "UIInterfaceOrientationPortrait UIInterfaceOrientationPortraitUpsideDown UIInterfaceOrientationLandscapeLeft UIInterfaceOrientationLandscapeRight";
				INFOPLIST_KEY_UISupportedInterfaceOrientations_iPhone = "UIInterfaceOrientationPortrait UIInterfaceOrientationLandscapeLeft UIInterfaceOrientationLandscapeRight";
				LD_RUNPATH_SEARCH_PATHS = (
					"$(inherited)",
					"@executable_path/Frameworks",
				);
				MARKETING_VERSION = 1.0;
				PRODUCT_BUNDLE_IDENTIFIER = "com.leventirdem.HWF-4-Project";
				PRODUCT_NAME = "$(TARGET_NAME)";
				SWIFT_EMIT_LOC_STRINGS = YES;
				SWIFT_VERSION = 5.0;
				TARGETED_DEVICE_FAMILY = "1,2";
			};
			name = Debug;
		};
		12795DBA29B6762A00B860C2 /* Release */ = {
			isa = XCBuildConfiguration;
			buildSettings = {
				ASSETCATALOG_COMPILER_APPICON_NAME = AppIcon;
				ASSETCATALOG_COMPILER_GLOBAL_ACCENT_COLOR_NAME = AccentColor;
				CODE_SIGN_STYLE = Automatic;
				CURRENT_PROJECT_VERSION = 1;
				DEVELOPMENT_TEAM = FB39689V8T;
				GENERATE_INFOPLIST_FILE = YES;
				INFOPLIST_FILE = "HWF 4.Project/Info.plist";
				INFOPLIST_KEY_UIApplicationSupportsIndirectInputEvents = YES;
				INFOPLIST_KEY_UILaunchStoryboardName = LaunchScreen;
				INFOPLIST_KEY_UIMainStoryboardFile = Main;
				INFOPLIST_KEY_UISupportedInterfaceOrientations_iPad = "UIInterfaceOrientationPortrait UIInterfaceOrientationPortraitUpsideDown UIInterfaceOrientationLandscapeLeft UIInterfaceOrientationLandscapeRight";
				INFOPLIST_KEY_UISupportedInterfaceOrientations_iPhone = "UIInterfaceOrientationPortrait UIInterfaceOrientationLandscapeLeft UIInterfaceOrientationLandscapeRight";
				LD_RUNPATH_SEARCH_PATHS = (
					"$(inherited)",
					"@executable_path/Frameworks",
				);
				MARKETING_VERSION = 1.0;
				PRODUCT_BUNDLE_IDENTIFIER = "com.leventirdem.HWF-4-Project";
				PRODUCT_NAME = "$(TARGET_NAME)";
				SWIFT_EMIT_LOC_STRINGS = YES;
				SWIFT_VERSION = 5.0;
				TARGETED_DEVICE_FAMILY = "1,2";
			};
			name = Release;
		};
		12795DBC29B6762A00B860C2 /* Debug */ = {
			isa = XCBuildConfiguration;
			buildSettings = {
				ALWAYS_EMBED_SWIFT_STANDARD_LIBRARIES = YES;
				BUNDLE_LOADER = "$(TEST_HOST)";
				CODE_SIGN_STYLE = Automatic;
				CURRENT_PROJECT_VERSION = 1;
				DEVELOPMENT_TEAM = FB39689V8T;
				GENERATE_INFOPLIST_FILE = YES;
				IPHONEOS_DEPLOYMENT_TARGET = 16.1;
				MARKETING_VERSION = 1.0;
				PRODUCT_BUNDLE_IDENTIFIER = "com.leventirdem.HWF-4-ProjectTests";
				PRODUCT_NAME = "$(TARGET_NAME)";
				SWIFT_EMIT_LOC_STRINGS = NO;
				SWIFT_VERSION = 5.0;
				TARGETED_DEVICE_FAMILY = "1,2";
				TEST_HOST = "$(BUILT_PRODUCTS_DIR)/HWF 4.Project.app/$(BUNDLE_EXECUTABLE_FOLDER_PATH)/HWF 4.Project";
			};
			name = Debug;
		};
		12795DBD29B6762A00B860C2 /* Release */ = {
			isa = XCBuildConfiguration;
			buildSettings = {
				ALWAYS_EMBED_SWIFT_STANDARD_LIBRARIES = YES;
				BUNDLE_LOADER = "$(TEST_HOST)";
				CODE_SIGN_STYLE = Automatic;
				CURRENT_PROJECT_VERSION = 1;
				DEVELOPMENT_TEAM = FB39689V8T;
				GENERATE_INFOPLIST_FILE = YES;
				IPHONEOS_DEPLOYMENT_TARGET = 16.1;
				MARKETING_VERSION = 1.0;
				PRODUCT_BUNDLE_IDENTIFIER = "com.leventirdem.HWF-4-ProjectTests";
				PRODUCT_NAME = "$(TARGET_NAME)";
				SWIFT_EMIT_LOC_STRINGS = NO;
				SWIFT_VERSION = 5.0;
				TARGETED_DEVICE_FAMILY = "1,2";
				TEST_HOST = "$(BUILT_PRODUCTS_DIR)/HWF 4.Project.app/$(BUNDLE_EXECUTABLE_FOLDER_PATH)/HWF 4.Project";
			};
			name = Release;
		};
		12795DBF29B6762A00B860C2 /* Debug */ = {
			isa = XCBuildConfiguration;
			buildSettings = {
				ALWAYS_EMBED_SWIFT_STANDARD_LIBRARIES = YES;
				CODE_SIGN_STYLE = Automatic;
				CURRENT_PROJECT_VERSION = 1;
				DEVELOPMENT_TEAM = FB39689V8T;
				GENERATE_INFOPLIST_FILE = YES;
				MARKETING_VERSION = 1.0;
				PRODUCT_BUNDLE_IDENTIFIER = "com.leventirdem.HWF-4-ProjectUITests";
				PRODUCT_NAME = "$(TARGET_NAME)";
				SWIFT_EMIT_LOC_STRINGS = NO;
				SWIFT_VERSION = 5.0;
				TARGETED_DEVICE_FAMILY = "1,2";
				TEST_TARGET_NAME = "HWF 4.Project";
			};
			name = Debug;
		};
		12795DC029B6762A00B860C2 /* Release */ = {
			isa = XCBuildConfiguration;
			buildSettings = {
				ALWAYS_EMBED_SWIFT_STANDARD_LIBRARIES = YES;
				CODE_SIGN_STYLE = Automatic;
				CURRENT_PROJECT_VERSION = 1;
				DEVELOPMENT_TEAM = FB39689V8T;
				GENERATE_INFOPLIST_FILE = YES;
				MARKETING_VERSION = 1.0;
				PRODUCT_BUNDLE_IDENTIFIER = "com.leventirdem.HWF-4-ProjectUITests";
				PRODUCT_NAME = "$(TARGET_NAME)";
				SWIFT_EMIT_LOC_STRINGS = NO;
				SWIFT_VERSION = 5.0;
				TARGETED_DEVICE_FAMILY = "1,2";
				TEST_TARGET_NAME = "HWF 4.Project";
			};
			name = Release;
		};
/* End XCBuildConfiguration section */

/* Begin XCConfigurationList section */
		12795D8929B6762900B860C2 /* Build configuration list for PBXProject "HWF 4.Project" */ = {
			isa = XCConfigurationList;
			buildConfigurations = (
				12795DB629B6762A00B860C2 /* Debug */,
				12795DB729B6762A00B860C2 /* Release */,
			);
			defaultConfigurationIsVisible = 0;
			defaultConfigurationName = Release;
		};
		12795DB829B6762A00B860C2 /* Build configuration list for PBXNativeTarget "HWF 4.Project" */ = {
			isa = XCConfigurationList;
			buildConfigurations = (
				12795DB929B6762A00B860C2 /* Debug */,
				12795DBA29B6762A00B860C2 /* Release */,
			);
			defaultConfigurationIsVisible = 0;
			defaultConfigurationName = Release;
		};
		12795DBB29B6762A00B860C2 /* Build configuration list for PBXNativeTarget "HWF 4.ProjectTests" */ = {
			isa = XCConfigurationList;
			buildConfigurations = (
				12795DBC29B6762A00B860C2 /* Debug */,
				12795DBD29B6762A00B860C2 /* Release */,
			);
			defaultConfigurationIsVisible = 0;
			defaultConfigurationName = Release;
		};
		12795DBE29B6762A00B860C2 /* Build configuration list for PBXNativeTarget "HWF 4.ProjectUITests" */ = {
			isa = XCConfigurationList;
			buildConfigurations = (
				12795DBF29B6762A00B860C2 /* Debug */,
				12795DC029B6762A00B860C2 /* Release */,
			);
			defaultConfigurationIsVisible = 0;
			defaultConfigurationName = Release;
		};
/* End XCConfigurationList section */
	};
	rootObject = 12795D8629B6762900B860C2 /* Project object */;
}
